
Microsoft Visual Studio Solution File, Format Version 12.00
# Visual Studio Version 16
VisualStudioVersion = 16.0.31321.278
MinimumVisualStudioVersion = 10.0.40219.1
Project("{FAE04EC0-301F-11D3-BF4B-00C04F79EFBC}") = "classes", "classes.csproj", "{FF6FD7D8-79DE-4CD2-839C-9E25143D2BA1}"
EndProject
Global
	GlobalSection(SolutionConfigurationPlatforms) = preSolution
		Debug|Any CPU = Debug|Any CPU
		Release|Any CPU = Release|Any CPU
	EndGlobalSection
	GlobalSection(ProjectConfigurationPlatforms) = postSolution
		{FF6FD7D8-79DE-4CD2-839C-9E25143D2BA1}.Debug|Any CPU.ActiveCfg = Debug|Any CPU
		{FF6FD7D8-79DE-4CD2-839C-9E25143D2BA1}.Debug|Any CPU.Build.0 = Debug|Any CPU
		{FF6FD7D8-79DE-4CD2-839C-9E25143D2BA1}.Release|Any CPU.ActiveCfg = Release|Any CPU
		{FF6FD7D8-79DE-4CD2-839C-9E25143D2BA1}.Release|Any CPU.Build.0 = Release|Any CPU
	EndGlobalSection
	GlobalSection(SolutionProperties) = preSolution
		HideSolutionNode = FALSE
	EndGlobalSection
	GlobalSection(ExtensibilityGlobals) = postSolution
		SolutionGuid = {9EF062C3-FAE9-4DD0-8A4D-A487FE9D3267}
	EndGlobalSection
EndGlobal
