
Microsoft Visual Studio Solution File, Format Version 12.00
# Visual Studio Version 16
VisualStudioVersion = 16.0.31321.278
MinimumVisualStudioVersion = 10.0.40219.1
Project("{FAE04EC0-301F-11D3-BF4B-00C04F79EFBC}") = "QUESTION NUMBER 53", "QUESTION NUMBER 53.csproj", "{9C171860-4116-4807-BE0C-01F770212BC8}"
EndProject
Global
	GlobalSection(SolutionConfigurationPlatforms) = preSolution
		Debug|Any CPU = Debug|Any CPU
		Release|Any CPU = Release|Any CPU
	EndGlobalSection
	GlobalSection(ProjectConfigurationPlatforms) = postSolution
		{9C171860-4116-4807-BE0C-01F770212BC8}.Debug|Any CPU.ActiveCfg = Debug|Any CPU
		{9C171860-4116-4807-BE0C-01F770212BC8}.Debug|Any CPU.Build.0 = Debug|Any CPU
		{9C171860-4116-4807-BE0C-01F770212BC8}.Release|Any CPU.ActiveCfg = Release|Any CPU
		{9C171860-4116-4807-BE0C-01F770212BC8}.Release|Any CPU.Build.0 = Release|Any CPU
	EndGlobalSection
	GlobalSection(SolutionProperties) = preSolution
		HideSolutionNode = FALSE
	EndGlobalSection
	GlobalSection(ExtensibilityGlobals) = postSolution
		SolutionGuid = {403B479F-09D5-4B44-B11C-914582D537C8}
	EndGlobalSection
EndGlobal
